
Microsoft Visual Studio Solution File, Format Version 12.00
# Visual Studio Version 16
VisualStudioVersion = 16.0.33328.57
MinimumVisualStudioVersion = 10.0.40219.1
Project("{FAE04EC0-301F-11D3-BF4B-00C04F79EFBC}") = "IfElse", "IfElse\IfElse.csproj", "{B9FE63FF-165E-459D-9D75-E22BB8FFB588}"
EndProject
Project("{FAE04EC0-301F-11D3-BF4B-00C04F79EFBC}") = "p151_ex2", "p151_ex2\p151_ex2.csproj", "{8EBBA699-07D4-4F64-9974-E4ED239A21B8}"
EndProject
Project("{FAE04EC0-301F-11D3-BF4B-00C04F79EFBC}") = "p151_ex3", "p151_ex3\p151_ex3.csproj", "{D00940AB-7A96-439A-BDE7-2FE7A734919D}"
EndProject
Project("{FAE04EC0-301F-11D3-BF4B-00C04F79EFBC}") = "p151_ex4", "p151_ex4\p151_ex4.csproj", "{5A53AE0B-3C2B-4310-8F35-60CDAAA5A414}"
EndProject
Project("{FAE04EC0-301F-11D3-BF4B-00C04F79EFBC}") = "p151_ex5", "p151_ex5\p151_ex5.csproj", "{DA2FA46D-58E1-4413-989F-303951F5DA80}"
EndProject
Project("{FAE04EC0-301F-11D3-BF4B-00C04F79EFBC}") = "p151_ex6", "p151_ex6\p151_ex6.csproj", "{E67571CA-F4CC-45A8-AC3D-684C16A39379}"
EndProject
Project("{FAE04EC0-301F-11D3-BF4B-00C04F79EFBC}") = "Switch", "Switch\Switch.csproj", "{AD119B61-FCCB-428B-900B-18A3F6D34628}"
EndProject
Project("{FAE04EC0-301F-11D3-BF4B-00C04F79EFBC}") = "p161_ex2", "p161_ex2\p161_ex2.csproj", "{948001C1-D74D-47D6-9161-C1635BA7F30F}"
EndProject
Project("{FAE04EC0-301F-11D3-BF4B-00C04F79EFBC}") = "p161_ex3", "p161_ex3\p161_ex3.csproj", "{7962BC46-D9B7-40D2-8CF3-2696063DF08F}"
EndProject
Project("{FAE04EC0-301F-11D3-BF4B-00C04F79EFBC}") = "p161_ex4", "p161_ex4\p161_ex4.csproj", "{C60463E0-1AA1-4BE0-BA01-0D706FCD64AB}"
EndProject
Project("{FAE04EC0-301F-11D3-BF4B-00C04F79EFBC}") = "While", "While\While.csproj", "{1E0B181A-19BE-41F8-826D-9E6E6E15F9D9}"
EndProject
Project("{FAE04EC0-301F-11D3-BF4B-00C04F79EFBC}") = "While2", "While2\While2.csproj", "{EC597D34-B9BB-4844-BC41-43DCEBE52E1F}"
EndProject
Project("{FAE04EC0-301F-11D3-BF4B-00C04F79EFBC}") = "For", "For\For.csproj", "{28830B5E-930D-4AD5-B6EA-D8BAAC9F03E2}"
EndProject
Project("{FAE04EC0-301F-11D3-BF4B-00C04F79EFBC}") = "ForFor", "ForFor\ForFor.csproj", "{9D0F828C-E89D-40E9-BBB2-09D2711A0768}"
EndProject
Project("{FAE04EC0-301F-11D3-BF4B-00C04F79EFBC}") = "ForEach", "ForEach\ForEach.csproj", "{E27E57E9-41BD-428C-B96A-C408D4B4133C}"
EndProject
Project("{FAE04EC0-301F-11D3-BF4B-00C04F79EFBC}") = "Break", "Break\Break.csproj", "{723EEFE3-9F8C-4A6E-A9D9-3084A608A7E1}"
EndProject
Project("{FAE04EC0-301F-11D3-BF4B-00C04F79EFBC}") = "Continue", "Continue\Continue.csproj", "{542890A5-BAA9-4B91-A991-5AE25298402A}"
EndProject
Project("{FAE04EC0-301F-11D3-BF4B-00C04F79EFBC}") = "Goto", "Goto\Goto.csproj", "{BCDE811E-A528-415E-B41D-35795DC0E99B}"
EndProject
Project("{FAE04EC0-301F-11D3-BF4B-00C04F79EFBC}") = "LeeHyeRan_ex1", "LeeHyeRan_ex1\LeeHyeRan_ex1.csproj", "{DC432549-B774-4DAB-BA8C-8877550041A2}"
EndProject
Global
	GlobalSection(SolutionConfigurationPlatforms) = preSolution
		Debug|Any CPU = Debug|Any CPU
		Release|Any CPU = Release|Any CPU
	EndGlobalSection
	GlobalSection(ProjectConfigurationPlatforms) = postSolution
		{B9FE63FF-165E-459D-9D75-E22BB8FFB588}.Debug|Any CPU.ActiveCfg = Debug|Any CPU
		{B9FE63FF-165E-459D-9D75-E22BB8FFB588}.Debug|Any CPU.Build.0 = Debug|Any CPU
		{B9FE63FF-165E-459D-9D75-E22BB8FFB588}.Release|Any CPU.ActiveCfg = Release|Any CPU
		{B9FE63FF-165E-459D-9D75-E22BB8FFB588}.Release|Any CPU.Build.0 = Release|Any CPU
		{8EBBA699-07D4-4F64-9974-E4ED239A21B8}.Debug|Any CPU.ActiveCfg = Debug|Any CPU
		{8EBBA699-07D4-4F64-9974-E4ED239A21B8}.Debug|Any CPU.Build.0 = Debug|Any CPU
		{8EBBA699-07D4-4F64-9974-E4ED239A21B8}.Release|Any CPU.ActiveCfg = Release|Any CPU
		{8EBBA699-07D4-4F64-9974-E4ED239A21B8}.Release|Any CPU.Build.0 = Release|Any CPU
		{D00940AB-7A96-439A-BDE7-2FE7A734919D}.Debug|Any CPU.ActiveCfg = Debug|Any CPU
		{D00940AB-7A96-439A-BDE7-2FE7A734919D}.Debug|Any CPU.Build.0 = Debug|Any CPU
		{D00940AB-7A96-439A-BDE7-2FE7A734919D}.Release|Any CPU.ActiveCfg = Release|Any CPU
		{D00940AB-7A96-439A-BDE7-2FE7A734919D}.Release|Any CPU.Build.0 = Release|Any CPU
		{5A53AE0B-3C2B-4310-8F35-60CDAAA5A414}.Debug|Any CPU.ActiveCfg = Debug|Any CPU
		{5A53AE0B-3C2B-4310-8F35-60CDAAA5A414}.Debug|Any CPU.Build.0 = Debug|Any CPU
		{5A53AE0B-3C2B-4310-8F35-60CDAAA5A414}.Release|Any CPU.ActiveCfg = Release|Any CPU
		{5A53AE0B-3C2B-4310-8F35-60CDAAA5A414}.Release|Any CPU.Build.0 = Release|Any CPU
		{DA2FA46D-58E1-4413-989F-303951F5DA80}.Debug|Any CPU.ActiveCfg = Debug|Any CPU
		{DA2FA46D-58E1-4413-989F-303951F5DA80}.Debug|Any CPU.Build.0 = Debug|Any CPU
		{DA2FA46D-58E1-4413-989F-303951F5DA80}.Release|Any CPU.ActiveCfg = Release|Any CPU
		{DA2FA46D-58E1-4413-989F-303951F5DA80}.Release|Any CPU.Build.0 = Release|Any CPU
		{E67571CA-F4CC-45A8-AC3D-684C16A39379}.Debug|Any CPU.ActiveCfg = Debug|Any CPU
		{E67571CA-F4CC-45A8-AC3D-684C16A39379}.Debug|Any CPU.Build.0 = Debug|Any CPU
		{E67571CA-F4CC-45A8-AC3D-684C16A39379}.Release|Any CPU.ActiveCfg = Release|Any CPU
		{E67571CA-F4CC-45A8-AC3D-684C16A39379}.Release|Any CPU.Build.0 = Release|Any CPU
		{AD119B61-FCCB-428B-900B-18A3F6D34628}.Debug|Any CPU.ActiveCfg = Debug|Any CPU
		{AD119B61-FCCB-428B-900B-18A3F6D34628}.Debug|Any CPU.Build.0 = Debug|Any CPU
		{AD119B61-FCCB-428B-900B-18A3F6D34628}.Release|Any CPU.ActiveCfg = Release|Any CPU
		{AD119B61-FCCB-428B-900B-18A3F6D34628}.Release|Any CPU.Build.0 = Release|Any CPU
		{948001C1-D74D-47D6-9161-C1635BA7F30F}.Debug|Any CPU.ActiveCfg = Debug|Any CPU
		{948001C1-D74D-47D6-9161-C1635BA7F30F}.Debug|Any CPU.Build.0 = Debug|Any CPU
		{948001C1-D74D-47D6-9161-C1635BA7F30F}.Release|Any CPU.ActiveCfg = Release|Any CPU
		{948001C1-D74D-47D6-9161-C1635BA7F30F}.Release|Any CPU.Build.0 = Release|Any CPU
		{7962BC46-D9B7-40D2-8CF3-2696063DF08F}.Debug|Any CPU.ActiveCfg = Debug|Any CPU
		{7962BC46-D9B7-40D2-8CF3-2696063DF08F}.Debug|Any CPU.Build.0 = Debug|Any CPU
		{7962BC46-D9B7-40D2-8CF3-2696063DF08F}.Release|Any CPU.ActiveCfg = Release|Any CPU
		{7962BC46-D9B7-40D2-8CF3-2696063DF08F}.Release|Any CPU.Build.0 = Release|Any CPU
		{C60463E0-1AA1-4BE0-BA01-0D706FCD64AB}.Debug|Any CPU.ActiveCfg = Debug|Any CPU
		{C60463E0-1AA1-4BE0-BA01-0D706FCD64AB}.Debug|Any CPU.Build.0 = Debug|Any CPU
		{C60463E0-1AA1-4BE0-BA01-0D706FCD64AB}.Release|Any CPU.ActiveCfg = Release|Any CPU
		{C60463E0-1AA1-4BE0-BA01-0D706FCD64AB}.Release|Any CPU.Build.0 = Release|Any CPU
		{1E0B181A-19BE-41F8-826D-9E6E6E15F9D9}.Debug|Any CPU.ActiveCfg = Debug|Any CPU
		{1E0B181A-19BE-41F8-826D-9E6E6E15F9D9}.Debug|Any CPU.Build.0 = Debug|Any CPU
		{1E0B181A-19BE-41F8-826D-9E6E6E15F9D9}.Release|Any CPU.ActiveCfg = Release|Any CPU
		{1E0B181A-19BE-41F8-826D-9E6E6E15F9D9}.Release|Any CPU.Build.0 = Release|Any CPU
		{EC597D34-B9BB-4844-BC41-43DCEBE52E1F}.Debug|Any CPU.ActiveCfg = Debug|Any CPU
		{EC597D34-B9BB-4844-BC41-43DCEBE52E1F}.Debug|Any CPU.Build.0 = Debug|Any CPU
		{EC597D34-B9BB-4844-BC41-43DCEBE52E1F}.Release|Any CPU.ActiveCfg = Release|Any CPU
		{EC597D34-B9BB-4844-BC41-43DCEBE52E1F}.Release|Any CPU.Build.0 = Release|Any CPU
		{28830B5E-930D-4AD5-B6EA-D8BAAC9F03E2}.Debug|Any CPU.ActiveCfg = Debug|Any CPU
		{28830B5E-930D-4AD5-B6EA-D8BAAC9F03E2}.Debug|Any CPU.Build.0 = Debug|Any CPU
		{28830B5E-930D-4AD5-B6EA-D8BAAC9F03E2}.Release|Any CPU.ActiveCfg = Release|Any CPU
		{28830B5E-930D-4AD5-B6EA-D8BAAC9F03E2}.Release|Any CPU.Build.0 = Release|Any CPU
		{9D0F828C-E89D-40E9-BBB2-09D2711A0768}.Debug|Any CPU.ActiveCfg = Debug|Any CPU
		{9D0F828C-E89D-40E9-BBB2-09D2711A0768}.Debug|Any CPU.Build.0 = Debug|Any CPU
		{9D0F828C-E89D-40E9-BBB2-09D2711A0768}.Release|Any CPU.ActiveCfg = Release|Any CPU
		{9D0F828C-E89D-40E9-BBB2-09D2711A0768}.Release|Any CPU.Build.0 = Release|Any CPU
		{E27E57E9-41BD-428C-B96A-C408D4B4133C}.Debug|Any CPU.ActiveCfg = Debug|Any CPU
		{E27E57E9-41BD-428C-B96A-C408D4B4133C}.Debug|Any CPU.Build.0 = Debug|Any CPU
		{E27E57E9-41BD-428C-B96A-C408D4B4133C}.Release|Any CPU.ActiveCfg = Release|Any CPU
		{E27E57E9-41BD-428C-B96A-C408D4B4133C}.Release|Any CPU.Build.0 = Release|Any CPU
		{723EEFE3-9F8C-4A6E-A9D9-3084A608A7E1}.Debug|Any CPU.ActiveCfg = Debug|Any CPU
		{723EEFE3-9F8C-4A6E-A9D9-3084A608A7E1}.Debug|Any CPU.Build.0 = Debug|Any CPU
		{723EEFE3-9F8C-4A6E-A9D9-3084A608A7E1}.Release|Any CPU.ActiveCfg = Release|Any CPU
		{723EEFE3-9F8C-4A6E-A9D9-3084A608A7E1}.Release|Any CPU.Build.0 = Release|Any CPU
		{542890A5-BAA9-4B91-A991-5AE25298402A}.Debug|Any CPU.ActiveCfg = Debug|Any CPU
		{542890A5-BAA9-4B91-A991-5AE25298402A}.Debug|Any CPU.Build.0 = Debug|Any CPU
		{542890A5-BAA9-4B91-A991-5AE25298402A}.Release|Any CPU.ActiveCfg = Release|Any CPU
		{542890A5-BAA9-4B91-A991-5AE25298402A}.Release|Any CPU.Build.0 = Release|Any CPU
		{BCDE811E-A528-415E-B41D-35795DC0E99B}.Debug|Any CPU.ActiveCfg = Debug|Any CPU
		{BCDE811E-A528-415E-B41D-35795DC0E99B}.Debug|Any CPU.Build.0 = Debug|Any CPU
		{BCDE811E-A528-415E-B41D-35795DC0E99B}.Release|Any CPU.ActiveCfg = Release|Any CPU
		{BCDE811E-A528-415E-B41D-35795DC0E99B}.Release|Any CPU.Build.0 = Release|Any CPU
		{DC432549-B774-4DAB-BA8C-8877550041A2}.Debug|Any CPU.ActiveCfg = Debug|Any CPU
		{DC432549-B774-4DAB-BA8C-8877550041A2}.Debug|Any CPU.Build.0 = Debug|Any CPU
		{DC432549-B774-4DAB-BA8C-8877550041A2}.Release|Any CPU.ActiveCfg = Release|Any CPU
		{DC432549-B774-4DAB-BA8C-8877550041A2}.Release|Any CPU.Build.0 = Release|Any CPU
	EndGlobalSection
	GlobalSection(SolutionProperties) = preSolution
		HideSolutionNode = FALSE
	EndGlobalSection
	GlobalSection(ExtensibilityGlobals) = postSolution
		SolutionGuid = {CEFD4529-43FC-447F-83CB-431423EBC0E4}
	EndGlobalSection
EndGlobal
